// !$*UTF8*$!
{
	archiveVersion = 1;
	classes = {
	};
	objectVersion = 56;
	objects = {

/* Begin PBXBuildFile section */
		053D7D94AF6DECCF4062A893 /* Pods_TrackersTests.framework in Frameworks */ = {isa = PBXBuildFile; fileRef = D64DD2CA2AFAACF0DE178807 /* Pods_TrackersTests.framework */; };
		48EDA123647FC8FE25129AF0 /* Pods_Trackers.framework in Frameworks */ = {isa = PBXBuildFile; fileRef = 7972C2CAB3377EEDED7C49DD /* Pods_Trackers.framework */; };
		CA50048D2A8A88EE00ED6943 /* AppDelegate.swift in Sources */ = {isa = PBXBuildFile; fileRef = CA50048C2A8A88EE00ED6943 /* AppDelegate.swift */; };
		CA50048F2A8A88EE00ED6943 /* SceneDelegate.swift in Sources */ = {isa = PBXBuildFile; fileRef = CA50048E2A8A88EE00ED6943 /* SceneDelegate.swift */; };
		CA5004912A8A88EE00ED6943 /* TrackersViewController.swift in Sources */ = {isa = PBXBuildFile; fileRef = CA5004902A8A88EE00ED6943 /* TrackersViewController.swift */; };
		CA5004972A8A88EE00ED6943 /* Model.xcdatamodeld in Sources */ = {isa = PBXBuildFile; fileRef = CA5004952A8A88EE00ED6943 /* Model.xcdatamodeld */; };
		CA5004992A8A88EE00ED6943 /* Assets.xcassets in Resources */ = {isa = PBXBuildFile; fileRef = CA5004982A8A88EE00ED6943 /* Assets.xcassets */; };
		CA50049C2A8A88EE00ED6943 /* LaunchScreen.storyboard in Resources */ = {isa = PBXBuildFile; fileRef = CA50049A2A8A88EE00ED6943 /* LaunchScreen.storyboard */; };
		CA5004A52A8A9F2D00ED6943 /* SnapKit in Frameworks */ = {isa = PBXBuildFile; productRef = CA5004A42A8A9F2D00ED6943 /* SnapKit */; };
		CA5004A72A8B3C4A00ED6943 /* TabBarController.swift in Sources */ = {isa = PBXBuildFile; fileRef = CA5004A62A8B3C4A00ED6943 /* TabBarController.swift */; };
		CA5004A92A8B3CA100ED6943 /* StatisticViewController.swift in Sources */ = {isa = PBXBuildFile; fileRef = CA5004A82A8B3CA100ED6943 /* StatisticViewController.swift */; };
		CA5004AC2A8B3EEC00ED6943 /* Date+Extension.swift in Sources */ = {isa = PBXBuildFile; fileRef = CA5004AB2A8B3EEC00ED6943 /* Date+Extension.swift */; };
		CA5004AE2A8B3EFF00ED6943 /* Calendar+Extension.swift in Sources */ = {isa = PBXBuildFile; fileRef = CA5004AD2A8B3EFF00ED6943 /* Calendar+Extension.swift */; };
		CA5004B02A8B3F1600ED6943 /* UICollor+Extension.swift in Sources */ = {isa = PBXBuildFile; fileRef = CA5004AF2A8B3F1600ED6943 /* UICollor+Extension.swift */; };
		CA5004B42A8B416500ED6943 /* Tracker.swift in Sources */ = {isa = PBXBuildFile; fileRef = CA5004B32A8B416500ED6943 /* Tracker.swift */; };
		CA5004B62A8B417600ED6943 /* TrackerCategory.swift in Sources */ = {isa = PBXBuildFile; fileRef = CA5004B52A8B417600ED6943 /* TrackerCategory.swift */; };
		CA5004B82A8B41A600ED6943 /* TrackerRecord.swift in Sources */ = {isa = PBXBuildFile; fileRef = CA5004B72A8B41A600ED6943 /* TrackerRecord.swift */; };
		CA5004BC2A8B41F700ED6943 /* WeekDay.swift in Sources */ = {isa = PBXBuildFile; fileRef = CA5004BB2A8B41F700ED6943 /* WeekDay.swift */; };
		CA5004BE2A8B477700ED6943 /* TrackerCollectionViewCell.swift in Sources */ = {isa = PBXBuildFile; fileRef = CA5004BD2A8B477700ED6943 /* TrackerCollectionViewCell.swift */; };
		CA5004C02A8B4B2B00ED6943 /* HeaderCollectionView.swift in Sources */ = {isa = PBXBuildFile; fileRef = CA5004BF2A8B4B2B00ED6943 /* HeaderCollectionView.swift */; };
		CA5004C22A8B4BF700ED6943 /* SelectTypeEventViewController.swift in Sources */ = {isa = PBXBuildFile; fileRef = CA5004C12A8B4BF700ED6943 /* SelectTypeEventViewController.swift */; };
		CA5004C42A8B4C3E00ED6943 /* NewTrackerViewController.swift in Sources */ = {isa = PBXBuildFile; fileRef = CA5004C32A8B4C3E00ED6943 /* NewTrackerViewController.swift */; };
		CA5004C62A8B4D2100ED6943 /* EmojiAndColorCollectionCell.swift in Sources */ = {isa = PBXBuildFile; fileRef = CA5004C52A8B4D2100ED6943 /* EmojiAndColorCollectionCell.swift */; };
		CA5004CC2A8B4D8600ED6943 /* SupplementaryView.swift in Sources */ = {isa = PBXBuildFile; fileRef = CA5004CB2A8B4D8600ED6943 /* SupplementaryView.swift */; };
		CA5004CE2A8B4F4C00ED6943 /* ScheduleViewController.swift in Sources */ = {isa = PBXBuildFile; fileRef = CA5004CD2A8B4F4C00ED6943 /* ScheduleViewController.swift */; };
		CA5004D12A8B539D00ED6943 /* TrackerStore.swift in Sources */ = {isa = PBXBuildFile; fileRef = CA5004D02A8B539D00ED6943 /* TrackerStore.swift */; };
		CA5004D32A8B53B600ED6943 /* TrackerCategoryStore.swift in Sources */ = {isa = PBXBuildFile; fileRef = CA5004D22A8B53B600ED6943 /* TrackerCategoryStore.swift */; };
		CA5004D52A8B53C600ED6943 /* TrackerRecordStore.swift in Sources */ = {isa = PBXBuildFile; fileRef = CA5004D42A8B53C600ED6943 /* TrackerRecordStore.swift */; };
		CA5004D72A8B53E300ED6943 /* StoreError.swift in Sources */ = {isa = PBXBuildFile; fileRef = CA5004D62A8B53E300ED6943 /* StoreError.swift */; };
		CA90BA762A9639B500EB8027 /* TrackersTests.swift in Sources */ = {isa = PBXBuildFile; fileRef = CA90BA752A9639B500EB8027 /* TrackersTests.swift */; };
		CA90BA7E2A963A0500EB8027 /* SnapshotTesting in Frameworks */ = {isa = PBXBuildFile; productRef = CA90BA7D2A963A0500EB8027 /* SnapshotTesting */; };
		CA90BA802A963F1800EB8027 /* CoreDataManager.swift in Sources */ = {isa = PBXBuildFile; fileRef = CA90BA7F2A963F1800EB8027 /* CoreDataManager.swift */; };
		CA90BA822A96431B00EB8027 /* CategoryCell.swift in Sources */ = {isa = PBXBuildFile; fileRef = CA90BA812A96431B00EB8027 /* CategoryCell.swift */; };
		CA90BA842A96448900EB8027 /* InitialViewController.swift in Sources */ = {isa = PBXBuildFile; fileRef = CA90BA832A96448900EB8027 /* InitialViewController.swift */; };
		CA90BA892A96454400EB8027 /* AnalyticsService.swift in Sources */ = {isa = PBXBuildFile; fileRef = CA90BA882A96454400EB8027 /* AnalyticsService.swift */; };
		CA90BA8B2A964D7D00EB8027 /* Constants.swift in Sources */ = {isa = PBXBuildFile; fileRef = CA90BA8A2A964D7D00EB8027 /* Constants.swift */; };
		CA90BA8D2A964EA400EB8027 /* StaticticsCellModel.swift in Sources */ = {isa = PBXBuildFile; fileRef = CA90BA8C2A964EA400EB8027 /* StaticticsCellModel.swift */; };
		CA90BA8F2A96505200EB8027 /* StatisticCell.swift in Sources */ = {isa = PBXBuildFile; fileRef = CA90BA8E2A96505200EB8027 /* StatisticCell.swift */; };
		CA90BA912A96506300EB8027 /* StatisticViewModel.swift in Sources */ = {isa = PBXBuildFile; fileRef = CA90BA902A96506300EB8027 /* StatisticViewModel.swift */; };
		CA90BA942A9654B600EB8027 /* Localizable.stringsdict in Resources */ = {isa = PBXBuildFile; fileRef = CA90BA962A9654B600EB8027 /* Localizable.stringsdict */; };
		CA90BA9B2A96568700EB8027 /* Localizable.strings in Resources */ = {isa = PBXBuildFile; fileRef = CA90BA9D2A96568700EB8027 /* Localizable.strings */; };
		CADC39F02A8D1021008B7E76 /* OnboardingViewController.swift in Sources */ = {isa = PBXBuildFile; fileRef = CADC39EF2A8D1021008B7E76 /* OnboardingViewController.swift */; };
		CADC39F22A8D103C008B7E76 /* PageViewController.swift in Sources */ = {isa = PBXBuildFile; fileRef = CADC39F12A8D103C008B7E76 /* PageViewController.swift */; };
		CADC39F42A8D1047008B7E76 /* Pages.swift in Sources */ = {isa = PBXBuildFile; fileRef = CADC39F32A8D1047008B7E76 /* Pages.swift */; };
		CADC39FF2A8DF860008B7E76 /* UICollectionView+Extension.swift in Sources */ = {isa = PBXBuildFile; fileRef = CADC39FE2A8DF860008B7E76 /* UICollectionView+Extension.swift */; };
		CADC3A032A8DF890008B7E76 /* Observable.swift in Sources */ = {isa = PBXBuildFile; fileRef = CADC3A022A8DF890008B7E76 /* Observable.swift */; };
		CADC3A052A8DF977008B7E76 /* UIViewController+Extension.swift in Sources */ = {isa = PBXBuildFile; fileRef = CADC3A042A8DF977008B7E76 /* UIViewController+Extension.swift */; };
		CADC3A072A8DFCCA008B7E76 /* CategoriesViewController.swift in Sources */ = {isa = PBXBuildFile; fileRef = CADC3A062A8DFCCA008B7E76 /* CategoriesViewController.swift */; };
		CADC3A092A8DFD45008B7E76 /* NewCategoryViewController.swift in Sources */ = {isa = PBXBuildFile; fileRef = CADC3A082A8DFD45008B7E76 /* NewCategoryViewController.swift */; };
		CADC3A0B2A8E0F0E008B7E76 /* CategoriesViewModel.swift in Sources */ = {isa = PBXBuildFile; fileRef = CADC3A0A2A8E0F0E008B7E76 /* CategoriesViewModel.swift */; };
/* End PBXBuildFile section */

/* Begin PBXContainerItemProxy section */
		CA90BA772A9639B500EB8027 /* PBXContainerItemProxy */ = {
			isa = PBXContainerItemProxy;
			containerPortal = CA5004812A8A88EE00ED6943 /* Project object */;
			proxyType = 1;
			remoteGlobalIDString = CA5004882A8A88EE00ED6943;
			remoteInfo = Trackers;
		};
/* End PBXContainerItemProxy section */

/* Begin PBXFileReference section */
		26F9CCC247C1DEE139045B5D /* Pods-TrackersTests.release.xcconfig */ = {isa = PBXFileReference; includeInIndex = 1; lastKnownFileType = text.xcconfig; name = "Pods-TrackersTests.release.xcconfig"; path = "Target Support Files/Pods-TrackersTests/Pods-TrackersTests.release.xcconfig"; sourceTree = "<group>"; };
		3368CF98E8E895E6D34ADA1E /* Pods-Trackers.release.xcconfig */ = {isa = PBXFileReference; includeInIndex = 1; lastKnownFileType = text.xcconfig; name = "Pods-Trackers.release.xcconfig"; path = "Target Support Files/Pods-Trackers/Pods-Trackers.release.xcconfig"; sourceTree = "<group>"; };
		7972C2CAB3377EEDED7C49DD /* Pods_Trackers.framework */ = {isa = PBXFileReference; explicitFileType = wrapper.framework; includeInIndex = 0; path = Pods_Trackers.framework; sourceTree = BUILT_PRODUCTS_DIR; };
		CA5004892A8A88EE00ED6943 /* Trackers.app */ = {isa = PBXFileReference; explicitFileType = wrapper.application; includeInIndex = 0; path = Trackers.app; sourceTree = BUILT_PRODUCTS_DIR; };
		CA50048C2A8A88EE00ED6943 /* AppDelegate.swift */ = {isa = PBXFileReference; lastKnownFileType = sourcecode.swift; path = AppDelegate.swift; sourceTree = "<group>"; };
		CA50048E2A8A88EE00ED6943 /* SceneDelegate.swift */ = {isa = PBXFileReference; lastKnownFileType = sourcecode.swift; path = SceneDelegate.swift; sourceTree = "<group>"; };
		CA5004902A8A88EE00ED6943 /* TrackersViewController.swift */ = {isa = PBXFileReference; lastKnownFileType = sourcecode.swift; path = TrackersViewController.swift; sourceTree = "<group>"; };
		CA5004962A8A88EE00ED6943 /* Trackers.xcdatamodel */ = {isa = PBXFileReference; lastKnownFileType = wrapper.xcdatamodel; path = Trackers.xcdatamodel; sourceTree = "<group>"; };
		CA5004982A8A88EE00ED6943 /* Assets.xcassets */ = {isa = PBXFileReference; lastKnownFileType = folder.assetcatalog; path = Assets.xcassets; sourceTree = "<group>"; };
		CA50049B2A8A88EE00ED6943 /* Base */ = {isa = PBXFileReference; lastKnownFileType = file.storyboard; name = Base; path = Base.lproj/LaunchScreen.storyboard; sourceTree = "<group>"; };
		CA50049D2A8A88EE00ED6943 /* Info.plist */ = {isa = PBXFileReference; lastKnownFileType = text.plist.xml; path = Info.plist; sourceTree = "<group>"; };
		CA5004A62A8B3C4A00ED6943 /* TabBarController.swift */ = {isa = PBXFileReference; lastKnownFileType = sourcecode.swift; path = TabBarController.swift; sourceTree = "<group>"; };
		CA5004A82A8B3CA100ED6943 /* StatisticViewController.swift */ = {isa = PBXFileReference; lastKnownFileType = sourcecode.swift; path = StatisticViewController.swift; sourceTree = "<group>"; };
		CA5004AB2A8B3EEC00ED6943 /* Date+Extension.swift */ = {isa = PBXFileReference; lastKnownFileType = sourcecode.swift; path = "Date+Extension.swift"; sourceTree = "<group>"; };
		CA5004AD2A8B3EFF00ED6943 /* Calendar+Extension.swift */ = {isa = PBXFileReference; lastKnownFileType = sourcecode.swift; path = "Calendar+Extension.swift"; sourceTree = "<group>"; };
		CA5004AF2A8B3F1600ED6943 /* UICollor+Extension.swift */ = {isa = PBXFileReference; lastKnownFileType = sourcecode.swift; path = "UICollor+Extension.swift"; sourceTree = "<group>"; };
		CA5004B32A8B416500ED6943 /* Tracker.swift */ = {isa = PBXFileReference; lastKnownFileType = sourcecode.swift; path = Tracker.swift; sourceTree = "<group>"; };
		CA5004B52A8B417600ED6943 /* TrackerCategory.swift */ = {isa = PBXFileReference; lastKnownFileType = sourcecode.swift; path = TrackerCategory.swift; sourceTree = "<group>"; };
		CA5004B72A8B41A600ED6943 /* TrackerRecord.swift */ = {isa = PBXFileReference; lastKnownFileType = sourcecode.swift; path = TrackerRecord.swift; sourceTree = "<group>"; };
		CA5004BB2A8B41F700ED6943 /* WeekDay.swift */ = {isa = PBXFileReference; lastKnownFileType = sourcecode.swift; path = WeekDay.swift; sourceTree = "<group>"; };
		CA5004BD2A8B477700ED6943 /* TrackerCollectionViewCell.swift */ = {isa = PBXFileReference; lastKnownFileType = sourcecode.swift; path = TrackerCollectionViewCell.swift; sourceTree = "<group>"; };
		CA5004BF2A8B4B2B00ED6943 /* HeaderCollectionView.swift */ = {isa = PBXFileReference; lastKnownFileType = sourcecode.swift; path = HeaderCollectionView.swift; sourceTree = "<group>"; };
		CA5004C12A8B4BF700ED6943 /* SelectTypeEventViewController.swift */ = {isa = PBXFileReference; lastKnownFileType = sourcecode.swift; path = SelectTypeEventViewController.swift; sourceTree = "<group>"; };
		CA5004C32A8B4C3E00ED6943 /* NewTrackerViewController.swift */ = {isa = PBXFileReference; lastKnownFileType = sourcecode.swift; path = NewTrackerViewController.swift; sourceTree = "<group>"; };
		CA5004C52A8B4D2100ED6943 /* EmojiAndColorCollectionCell.swift */ = {isa = PBXFileReference; lastKnownFileType = sourcecode.swift; path = EmojiAndColorCollectionCell.swift; sourceTree = "<group>"; };
		CA5004CB2A8B4D8600ED6943 /* SupplementaryView.swift */ = {isa = PBXFileReference; lastKnownFileType = sourcecode.swift; path = SupplementaryView.swift; sourceTree = "<group>"; };
		CA5004CD2A8B4F4C00ED6943 /* ScheduleViewController.swift */ = {isa = PBXFileReference; lastKnownFileType = sourcecode.swift; path = ScheduleViewController.swift; sourceTree = "<group>"; };
		CA5004D02A8B539D00ED6943 /* TrackerStore.swift */ = {isa = PBXFileReference; lastKnownFileType = sourcecode.swift; path = TrackerStore.swift; sourceTree = "<group>"; };
		CA5004D22A8B53B600ED6943 /* TrackerCategoryStore.swift */ = {isa = PBXFileReference; lastKnownFileType = sourcecode.swift; path = TrackerCategoryStore.swift; sourceTree = "<group>"; };
		CA5004D42A8B53C600ED6943 /* TrackerRecordStore.swift */ = {isa = PBXFileReference; lastKnownFileType = sourcecode.swift; path = TrackerRecordStore.swift; sourceTree = "<group>"; };
		CA5004D62A8B53E300ED6943 /* StoreError.swift */ = {isa = PBXFileReference; lastKnownFileType = sourcecode.swift; path = StoreError.swift; sourceTree = "<group>"; };
		CA90BA732A9639B500EB8027 /* TrackersTests.xctest */ = {isa = PBXFileReference; explicitFileType = wrapper.cfbundle; includeInIndex = 0; path = TrackersTests.xctest; sourceTree = BUILT_PRODUCTS_DIR; };
		CA90BA752A9639B500EB8027 /* TrackersTests.swift */ = {isa = PBXFileReference; lastKnownFileType = sourcecode.swift; path = TrackersTests.swift; sourceTree = "<group>"; };
		CA90BA7F2A963F1800EB8027 /* CoreDataManager.swift */ = {isa = PBXFileReference; lastKnownFileType = sourcecode.swift; path = CoreDataManager.swift; sourceTree = "<group>"; };
		CA90BA812A96431B00EB8027 /* CategoryCell.swift */ = {isa = PBXFileReference; lastKnownFileType = sourcecode.swift; path = CategoryCell.swift; sourceTree = "<group>"; };
		CA90BA832A96448900EB8027 /* InitialViewController.swift */ = {isa = PBXFileReference; lastKnownFileType = sourcecode.swift; path = InitialViewController.swift; sourceTree = "<group>"; };
		CA90BA882A96454400EB8027 /* AnalyticsService.swift */ = {isa = PBXFileReference; lastKnownFileType = sourcecode.swift; path = AnalyticsService.swift; sourceTree = "<group>"; };
		CA90BA8A2A964D7D00EB8027 /* Constants.swift */ = {isa = PBXFileReference; lastKnownFileType = sourcecode.swift; path = Constants.swift; sourceTree = "<group>"; };
		CA90BA8C2A964EA400EB8027 /* StaticticsCellModel.swift */ = {isa = PBXFileReference; lastKnownFileType = sourcecode.swift; path = StaticticsCellModel.swift; sourceTree = "<group>"; };
		CA90BA8E2A96505200EB8027 /* StatisticCell.swift */ = {isa = PBXFileReference; lastKnownFileType = sourcecode.swift; path = StatisticCell.swift; sourceTree = "<group>"; };
		CA90BA902A96506300EB8027 /* StatisticViewModel.swift */ = {isa = PBXFileReference; lastKnownFileType = sourcecode.swift; path = StatisticViewModel.swift; sourceTree = "<group>"; };
		CA90BA952A9654B600EB8027 /* en */ = {isa = PBXFileReference; lastKnownFileType = text.plist.stringsdict; name = en; path = en.lproj/Localizable.stringsdict; sourceTree = "<group>"; };
		CA90BA972A9654F000EB8027 /* ru */ = {isa = PBXFileReference; lastKnownFileType = text.plist.strings; name = ru; path = ru.lproj/LaunchScreen.strings; sourceTree = "<group>"; };
		CA90BA982A9654F000EB8027 /* ru */ = {isa = PBXFileReference; lastKnownFileType = text.plist.stringsdict; name = ru; path = ru.lproj/Localizable.stringsdict; sourceTree = "<group>"; };
		CA90BA9C2A96568700EB8027 /* en */ = {isa = PBXFileReference; lastKnownFileType = text.plist.strings; name = en; path = en.lproj/Localizable.strings; sourceTree = "<group>"; };
		CA90BA9E2A96568C00EB8027 /* ru */ = {isa = PBXFileReference; lastKnownFileType = text.plist.strings; name = ru; path = ru.lproj/Localizable.strings; sourceTree = "<group>"; };
		CADC39EF2A8D1021008B7E76 /* OnboardingViewController.swift */ = {isa = PBXFileReference; lastKnownFileType = sourcecode.swift; path = OnboardingViewController.swift; sourceTree = "<group>"; };
		CADC39F12A8D103C008B7E76 /* PageViewController.swift */ = {isa = PBXFileReference; lastKnownFileType = sourcecode.swift; path = PageViewController.swift; sourceTree = "<group>"; };
		CADC39F32A8D1047008B7E76 /* Pages.swift */ = {isa = PBXFileReference; lastKnownFileType = sourcecode.swift; path = Pages.swift; sourceTree = "<group>"; };
		CADC39FE2A8DF860008B7E76 /* UICollectionView+Extension.swift */ = {isa = PBXFileReference; lastKnownFileType = sourcecode.swift; path = "UICollectionView+Extension.swift"; sourceTree = "<group>"; };
		CADC3A022A8DF890008B7E76 /* Observable.swift */ = {isa = PBXFileReference; lastKnownFileType = sourcecode.swift; path = Observable.swift; sourceTree = "<group>"; };
		CADC3A042A8DF977008B7E76 /* UIViewController+Extension.swift */ = {isa = PBXFileReference; lastKnownFileType = sourcecode.swift; path = "UIViewController+Extension.swift"; sourceTree = "<group>"; };
		CADC3A062A8DFCCA008B7E76 /* CategoriesViewController.swift */ = {isa = PBXFileReference; lastKnownFileType = sourcecode.swift; path = CategoriesViewController.swift; sourceTree = "<group>"; };
		CADC3A082A8DFD45008B7E76 /* NewCategoryViewController.swift */ = {isa = PBXFileReference; lastKnownFileType = sourcecode.swift; path = NewCategoryViewController.swift; sourceTree = "<group>"; };
		CADC3A0A2A8E0F0E008B7E76 /* CategoriesViewModel.swift */ = {isa = PBXFileReference; lastKnownFileType = sourcecode.swift; path = CategoriesViewModel.swift; sourceTree = "<group>"; };
		D64DD2CA2AFAACF0DE178807 /* Pods_TrackersTests.framework */ = {isa = PBXFileReference; explicitFileType = wrapper.framework; includeInIndex = 0; path = Pods_TrackersTests.framework; sourceTree = BUILT_PRODUCTS_DIR; };
		E7ACD78AA0FD73043D75B6EB /* Pods-TrackersTests.debug.xcconfig */ = {isa = PBXFileReference; includeInIndex = 1; lastKnownFileType = text.xcconfig; name = "Pods-TrackersTests.debug.xcconfig"; path = "Target Support Files/Pods-TrackersTests/Pods-TrackersTests.debug.xcconfig"; sourceTree = "<group>"; };
		FB6323BB661EF2FA59386B14 /* Pods-Trackers.debug.xcconfig */ = {isa = PBXFileReference; includeInIndex = 1; lastKnownFileType = text.xcconfig; name = "Pods-Trackers.debug.xcconfig"; path = "Target Support Files/Pods-Trackers/Pods-Trackers.debug.xcconfig"; sourceTree = "<group>"; };
/* End PBXFileReference section */

/* Begin PBXFrameworksBuildPhase section */
		CA5004862A8A88EE00ED6943 /* Frameworks */ = {
			isa = PBXFrameworksBuildPhase;
			buildActionMask = 2147483647;
			files = (
				CA5004A52A8A9F2D00ED6943 /* SnapKit in Frameworks */,
				48EDA123647FC8FE25129AF0 /* Pods_Trackers.framework in Frameworks */,
			);
			runOnlyForDeploymentPostprocessing = 0;
		};
		CA90BA702A9639B500EB8027 /* Frameworks */ = {
			isa = PBXFrameworksBuildPhase;
			buildActionMask = 2147483647;
			files = (
				CA90BA7E2A963A0500EB8027 /* SnapshotTesting in Frameworks */,
				053D7D94AF6DECCF4062A893 /* Pods_TrackersTests.framework in Frameworks */,
			);
			runOnlyForDeploymentPostprocessing = 0;
		};
/* End PBXFrameworksBuildPhase section */

/* Begin PBXGroup section */
		339E79A1B721B69ECA09C410 /* Frameworks */ = {
			isa = PBXGroup;
			children = (
				7972C2CAB3377EEDED7C49DD /* Pods_Trackers.framework */,
				D64DD2CA2AFAACF0DE178807 /* Pods_TrackersTests.framework */,
			);
			name = Frameworks;
			sourceTree = "<group>";
		};
		4CF98C1F9960960C85685A69 /* Pods */ = {
			isa = PBXGroup;
			children = (
				FB6323BB661EF2FA59386B14 /* Pods-Trackers.debug.xcconfig */,
				3368CF98E8E895E6D34ADA1E /* Pods-Trackers.release.xcconfig */,
				E7ACD78AA0FD73043D75B6EB /* Pods-TrackersTests.debug.xcconfig */,
				26F9CCC247C1DEE139045B5D /* Pods-TrackersTests.release.xcconfig */,
			);
			path = Pods;
			sourceTree = "<group>";
		};
		CA5004802A8A88EE00ED6943 = {
			isa = PBXGroup;
			children = (
				CA50048B2A8A88EE00ED6943 /* Trackers */,
				CA90BA742A9639B500EB8027 /* TrackersTests */,
				CA50048A2A8A88EE00ED6943 /* Products */,
				4CF98C1F9960960C85685A69 /* Pods */,
				339E79A1B721B69ECA09C410 /* Frameworks */,
			);
			sourceTree = "<group>";
		};
		CA50048A2A8A88EE00ED6943 /* Products */ = {
			isa = PBXGroup;
			children = (
				CA5004892A8A88EE00ED6943 /* Trackers.app */,
				CA90BA732A9639B500EB8027 /* TrackersTests.xctest */,
			);
			name = Products;
			sourceTree = "<group>";
		};
		CA50048B2A8A88EE00ED6943 /* Trackers */ = {
			isa = PBXGroup;
			children = (
				CA50048C2A8A88EE00ED6943 /* AppDelegate.swift */,
				CA50048E2A8A88EE00ED6943 /* SceneDelegate.swift */,
				CA5004CF2A8B537D00ED6943 /* CoreData */,
				CADC39FB2A8DF64A008B7E76 /* Models */,
				CADC39FD2A8DF75D008B7E76 /* Views */,
				CA90BA672A9637BF00EB8027 /* UI */,
				CA90BA6E2A96394100EB8027 /* Resources */,
				CA5004982A8A88EE00ED6943 /* Assets.xcassets */,
				CA50049D2A8A88EE00ED6943 /* Info.plist */,
			);
			path = Trackers;
			sourceTree = "<group>";
		};
		CA5004AA2A8B3EB700ED6943 /* Helpers */ = {
			isa = PBXGroup;
			children = (
				CA5004AF2A8B3F1600ED6943 /* UICollor+Extension.swift */,
				CA5004AB2A8B3EEC00ED6943 /* Date+Extension.swift */,
				CA5004AD2A8B3EFF00ED6943 /* Calendar+Extension.swift */,
				CADC39FE2A8DF860008B7E76 /* UICollectionView+Extension.swift */,
				CADC3A022A8DF890008B7E76 /* Observable.swift */,
				CADC3A042A8DF977008B7E76 /* UIViewController+Extension.swift */,
			);
			path = Helpers;
			sourceTree = "<group>";
		};
		CA5004CF2A8B537D00ED6943 /* CoreData */ = {
			isa = PBXGroup;
			children = (
				CA5004952A8A88EE00ED6943 /* Model.xcdatamodeld */,
				CA90BA7F2A963F1800EB8027 /* CoreDataManager.swift */,
				CA5004D02A8B539D00ED6943 /* TrackerStore.swift */,
				CA5004D22A8B53B600ED6943 /* TrackerCategoryStore.swift */,
				CA5004D42A8B53C600ED6943 /* TrackerRecordStore.swift */,
				CA5004D62A8B53E300ED6943 /* StoreError.swift */,
			);
			path = CoreData;
			sourceTree = "<group>";
		};
		CA90BA672A9637BF00EB8027 /* UI */ = {
			isa = PBXGroup;
			children = (
				CA90BA832A96448900EB8027 /* InitialViewController.swift */,
				CA5004A62A8B3C4A00ED6943 /* TabBarController.swift */,
				CADC39EE2A8D0FF4008B7E76 /* Onboarding */,
				CA90BA692A96384700EB8027 /* Trackers */,
				CA90BA6C2A9638C800EB8027 /* Schedule */,
				CA90BA6D2A96392100EB8027 /* Statistics */,
			);
			path = UI;
			sourceTree = "<group>";
		};
		CA90BA692A96384700EB8027 /* Trackers */ = {
			isa = PBXGroup;
			children = (
				CA5004902A8A88EE00ED6943 /* TrackersViewController.swift */,
				CA5004BD2A8B477700ED6943 /* TrackerCollectionViewCell.swift */,
				CA5004BF2A8B4B2B00ED6943 /* HeaderCollectionView.swift */,
				CA90BA6A2A96385A00EB8027 /* Creating Events */,
				CA90BA6B2A96387400EB8027 /* Categories */,
			);
			path = Trackers;
			sourceTree = "<group>";
		};
		CA90BA6A2A96385A00EB8027 /* Creating Events */ = {
			isa = PBXGroup;
			children = (
				CA5004C12A8B4BF700ED6943 /* SelectTypeEventViewController.swift */,
				CA5004C32A8B4C3E00ED6943 /* NewTrackerViewController.swift */,
				CA5004C52A8B4D2100ED6943 /* EmojiAndColorCollectionCell.swift */,
				CA5004CB2A8B4D8600ED6943 /* SupplementaryView.swift */,
			);
			path = "Creating Events";
			sourceTree = "<group>";
		};
		CA90BA6B2A96387400EB8027 /* Categories */ = {
			isa = PBXGroup;
			children = (
				CADC3A082A8DFD45008B7E76 /* NewCategoryViewController.swift */,
				CADC3A062A8DFCCA008B7E76 /* CategoriesViewController.swift */,
				CADC3A0A2A8E0F0E008B7E76 /* CategoriesViewModel.swift */,
				CA90BA812A96431B00EB8027 /* CategoryCell.swift */,
			);
			path = Categories;
			sourceTree = "<group>";
		};
		CA90BA6C2A9638C800EB8027 /* Schedule */ = {
			isa = PBXGroup;
			children = (
				CA5004CD2A8B4F4C00ED6943 /* ScheduleViewController.swift */,
			);
			path = Schedule;
			sourceTree = "<group>";
		};
		CA90BA6D2A96392100EB8027 /* Statistics */ = {
			isa = PBXGroup;
			children = (
				CA5004A82A8B3CA100ED6943 /* StatisticViewController.swift */,
				CA90BA8E2A96505200EB8027 /* StatisticCell.swift */,
				CA90BA902A96506300EB8027 /* StatisticViewModel.swift */,
			);
			path = Statistics;
			sourceTree = "<group>";
		};
		CA90BA6E2A96394100EB8027 /* Resources */ = {
			isa = PBXGroup;
			children = (
				CA90BA872A96450D00EB8027 /* Services */,
				CA5004AA2A8B3EB700ED6943 /* Helpers */,
				CA90BA8A2A964D7D00EB8027 /* Constants.swift */,
				CA90BA962A9654B600EB8027 /* Localizable.stringsdict */,
				CA90BA9D2A96568700EB8027 /* Localizable.strings */,
			);
			path = Resources;
			sourceTree = "<group>";
		};
		CA90BA742A9639B500EB8027 /* TrackersTests */ = {
			isa = PBXGroup;
			children = (
				CA90BA752A9639B500EB8027 /* TrackersTests.swift */,
			);
			path = TrackersTests;
			sourceTree = "<group>";
		};
		CA90BA872A96450D00EB8027 /* Services */ = {
			isa = PBXGroup;
			children = (
				CA90BA882A96454400EB8027 /* AnalyticsService.swift */,
			);
			path = Services;
			sourceTree = "<group>";
		};
		CADC39EE2A8D0FF4008B7E76 /* Onboarding */ = {
			isa = PBXGroup;
			children = (
				CADC39EF2A8D1021008B7E76 /* OnboardingViewController.swift */,
				CADC39F12A8D103C008B7E76 /* PageViewController.swift */,
				CADC39F32A8D1047008B7E76 /* Pages.swift */,
			);
			path = Onboarding;
			sourceTree = "<group>";
		};
		CADC39FB2A8DF64A008B7E76 /* Models */ = {
			isa = PBXGroup;
			children = (
				CA5004B32A8B416500ED6943 /* Tracker.swift */,
				CA5004B52A8B417600ED6943 /* TrackerCategory.swift */,
				CA5004B72A8B41A600ED6943 /* TrackerRecord.swift */,
				CA5004BB2A8B41F700ED6943 /* WeekDay.swift */,
				CA90BA8C2A964EA400EB8027 /* StaticticsCellModel.swift */,
			);
			path = Models;
			sourceTree = "<group>";
		};
		CADC39FD2A8DF75D008B7E76 /* Views */ = {
			isa = PBXGroup;
			children = (
				CA50049A2A8A88EE00ED6943 /* LaunchScreen.storyboard */,
			);
			path = Views;
			sourceTree = "<group>";
		};
/* End PBXGroup section */

/* Begin PBXNativeTarget section */
		CA5004882A8A88EE00ED6943 /* Trackers */ = {
			isa = PBXNativeTarget;
			buildConfigurationList = CA5004A02A8A88EE00ED6943 /* Build configuration list for PBXNativeTarget "Trackers" */;
			buildPhases = (
				DE4DEC4DAA64C9EEB40CEC18 /* [CP] Check Pods Manifest.lock */,
				CA5004852A8A88EE00ED6943 /* Sources */,
				CA5004862A8A88EE00ED6943 /* Frameworks */,
				CA5004872A8A88EE00ED6943 /* Resources */,
			);
			buildRules = (
			);
			dependencies = (
			);
			name = Trackers;
			packageProductDependencies = (
				CA5004A42A8A9F2D00ED6943 /* SnapKit */,
			);
			productName = Trackers;
			productReference = CA5004892A8A88EE00ED6943 /* Trackers.app */;
			productType = "com.apple.product-type.application";
		};
		CA90BA722A9639B500EB8027 /* TrackersTests */ = {
			isa = PBXNativeTarget;
			buildConfigurationList = CA90BA792A9639B500EB8027 /* Build configuration list for PBXNativeTarget "TrackersTests" */;
			buildPhases = (
				3215BAC73B39E71AFED4F9BD /* [CP] Check Pods Manifest.lock */,
				CA90BA6F2A9639B500EB8027 /* Sources */,
				CA90BA702A9639B500EB8027 /* Frameworks */,
				CA90BA712A9639B500EB8027 /* Resources */,
			);
			buildRules = (
			);
			dependencies = (
				CA90BA782A9639B500EB8027 /* PBXTargetDependency */,
			);
			name = TrackersTests;
			packageProductDependencies = (
				CA90BA7D2A963A0500EB8027 /* SnapshotTesting */,
			);
			productName = TrackersTests;
			productReference = CA90BA732A9639B500EB8027 /* TrackersTests.xctest */;
			productType = "com.apple.product-type.bundle.unit-test";
		};
/* End PBXNativeTarget section */

/* Begin PBXProject section */
		CA5004812A8A88EE00ED6943 /* Project object */ = {
			isa = PBXProject;
			attributes = {
				BuildIndependentTargetsInParallel = 1;
				LastSwiftUpdateCheck = 1400;
				LastUpgradeCheck = 1400;
				TargetAttributes = {
					CA5004882A8A88EE00ED6943 = {
						CreatedOnToolsVersion = 14.0.1;
					};
					CA90BA722A9639B500EB8027 = {
						CreatedOnToolsVersion = 14.0.1;
						TestTargetID = CA5004882A8A88EE00ED6943;
					};
				};
			};
			buildConfigurationList = CA5004842A8A88EE00ED6943 /* Build configuration list for PBXProject "Trackers" */;
			compatibilityVersion = "Xcode 14.0";
			developmentRegion = en;
			hasScannedForEncodings = 0;
			knownRegions = (
				en,
				Base,
				ru,
			);
			mainGroup = CA5004802A8A88EE00ED6943;
			packageReferences = (
				CA5004A32A8A9F2D00ED6943 /* XCRemoteSwiftPackageReference "SnapKit" */,
				CA90BA7C2A963A0500EB8027 /* XCRemoteSwiftPackageReference "swift-snapshot-testing" */,
			);
			productRefGroup = CA50048A2A8A88EE00ED6943 /* Products */;
			projectDirPath = "";
			projectRoot = "";
			targets = (
				CA5004882A8A88EE00ED6943 /* Trackers */,
				CA90BA722A9639B500EB8027 /* TrackersTests */,
			);
		};
/* End PBXProject section */

/* Begin PBXResourcesBuildPhase section */
		CA5004872A8A88EE00ED6943 /* Resources */ = {
			isa = PBXResourcesBuildPhase;
			buildActionMask = 2147483647;
			files = (
				CA50049C2A8A88EE00ED6943 /* LaunchScreen.storyboard in Resources */,
				CA90BA9B2A96568700EB8027 /* Localizable.strings in Resources */,
				CA5004992A8A88EE00ED6943 /* Assets.xcassets in Resources */,
				CA90BA942A9654B600EB8027 /* Localizable.stringsdict in Resources */,
			);
			runOnlyForDeploymentPostprocessing = 0;
		};
		CA90BA712A9639B500EB8027 /* Resources */ = {
			isa = PBXResourcesBuildPhase;
			buildActionMask = 2147483647;
			files = (
			);
			runOnlyForDeploymentPostprocessing = 0;
		};
/* End PBXResourcesBuildPhase section */

/* Begin PBXShellScriptBuildPhase section */
		3215BAC73B39E71AFED4F9BD /* [CP] Check Pods Manifest.lock */ = {
			isa = PBXShellScriptBuildPhase;
			buildActionMask = 2147483647;
			files = (
			);
			inputFileListPaths = (
			);
			inputPaths = (
				"${PODS_PODFILE_DIR_PATH}/Podfile.lock",
				"${PODS_ROOT}/Manifest.lock",
			);
			name = "[CP] Check Pods Manifest.lock";
			outputFileListPaths = (
			);
			outputPaths = (
				"$(DERIVED_FILE_DIR)/Pods-TrackersTests-checkManifestLockResult.txt",
			);
			runOnlyForDeploymentPostprocessing = 0;
			shellPath = /bin/sh;
			shellScript = "diff \"${PODS_PODFILE_DIR_PATH}/Podfile.lock\" \"${PODS_ROOT}/Manifest.lock\" > /dev/null\nif [ $? != 0 ] ; then\n    # print error to STDERR\n    echo \"error: The sandbox is not in sync with the Podfile.lock. Run 'pod install' or update your CocoaPods installation.\" >&2\n    exit 1\nfi\n# This output is used by Xcode 'outputs' to avoid re-running this script phase.\necho \"SUCCESS\" > \"${SCRIPT_OUTPUT_FILE_0}\"\n";
			showEnvVarsInLog = 0;
		};
		DE4DEC4DAA64C9EEB40CEC18 /* [CP] Check Pods Manifest.lock */ = {
			isa = PBXShellScriptBuildPhase;
			buildActionMask = 2147483647;
			files = (
			);
			inputFileListPaths = (
			);
			inputPaths = (
				"${PODS_PODFILE_DIR_PATH}/Podfile.lock",
				"${PODS_ROOT}/Manifest.lock",
			);
			name = "[CP] Check Pods Manifest.lock";
			outputFileListPaths = (
			);
			outputPaths = (
				"$(DERIVED_FILE_DIR)/Pods-Trackers-checkManifestLockResult.txt",
			);
			runOnlyForDeploymentPostprocessing = 0;
			shellPath = /bin/sh;
			shellScript = "diff \"${PODS_PODFILE_DIR_PATH}/Podfile.lock\" \"${PODS_ROOT}/Manifest.lock\" > /dev/null\nif [ $? != 0 ] ; then\n    # print error to STDERR\n    echo \"error: The sandbox is not in sync with the Podfile.lock. Run 'pod install' or update your CocoaPods installation.\" >&2\n    exit 1\nfi\n# This output is used by Xcode 'outputs' to avoid re-running this script phase.\necho \"SUCCESS\" > \"${SCRIPT_OUTPUT_FILE_0}\"\n";
			showEnvVarsInLog = 0;
		};
/* End PBXShellScriptBuildPhase section */

/* Begin PBXSourcesBuildPhase section */
		CA5004852A8A88EE00ED6943 /* Sources */ = {
			isa = PBXSourcesBuildPhase;
			buildActionMask = 2147483647;
			files = (
				CA5004972A8A88EE00ED6943 /* Model.xcdatamodeld in Sources */,
				CA90BA822A96431B00EB8027 /* CategoryCell.swift in Sources */,
				CA5004C62A8B4D2100ED6943 /* EmojiAndColorCollectionCell.swift in Sources */,
				CA5004912A8A88EE00ED6943 /* TrackersViewController.swift in Sources */,
				CA5004B42A8B416500ED6943 /* Tracker.swift in Sources */,
				CA5004D52A8B53C600ED6943 /* TrackerRecordStore.swift in Sources */,
				CADC39F02A8D1021008B7E76 /* OnboardingViewController.swift in Sources */,
				CA5004D72A8B53E300ED6943 /* StoreError.swift in Sources */,
				CADC3A092A8DFD45008B7E76 /* NewCategoryViewController.swift in Sources */,
				CA90BA912A96506300EB8027 /* StatisticViewModel.swift in Sources */,
				CA50048D2A8A88EE00ED6943 /* AppDelegate.swift in Sources */,
				CA5004C22A8B4BF700ED6943 /* SelectTypeEventViewController.swift in Sources */,
				CA5004CE2A8B4F4C00ED6943 /* ScheduleViewController.swift in Sources */,
				CA90BA8D2A964EA400EB8027 /* StaticticsCellModel.swift in Sources */,
				CA5004A92A8B3CA100ED6943 /* StatisticViewController.swift in Sources */,
				CA90BA892A96454400EB8027 /* AnalyticsService.swift in Sources */,
				CA90BA8B2A964D7D00EB8027 /* Constants.swift in Sources */,
				CA5004C02A8B4B2B00ED6943 /* HeaderCollectionView.swift in Sources */,
				CA90BA842A96448900EB8027 /* InitialViewController.swift in Sources */,
				CADC39F22A8D103C008B7E76 /* PageViewController.swift in Sources */,
				CADC3A052A8DF977008B7E76 /* UIViewController+Extension.swift in Sources */,
				CA5004B82A8B41A600ED6943 /* TrackerRecord.swift in Sources */,
				CA5004BC2A8B41F700ED6943 /* WeekDay.swift in Sources */,
				CA5004BE2A8B477700ED6943 /* TrackerCollectionViewCell.swift in Sources */,
				CA5004AC2A8B3EEC00ED6943 /* Date+Extension.swift in Sources */,
				CADC3A0B2A8E0F0E008B7E76 /* CategoriesViewModel.swift in Sources */,
				CA5004D12A8B539D00ED6943 /* TrackerStore.swift in Sources */,
				CA5004AE2A8B3EFF00ED6943 /* Calendar+Extension.swift in Sources */,
				CADC39F42A8D1047008B7E76 /* Pages.swift in Sources */,
				CADC39FF2A8DF860008B7E76 /* UICollectionView+Extension.swift in Sources */,
				CA5004D32A8B53B600ED6943 /* TrackerCategoryStore.swift in Sources */,
				CADC3A072A8DFCCA008B7E76 /* CategoriesViewController.swift in Sources */,
				CA5004A72A8B3C4A00ED6943 /* TabBarController.swift in Sources */,
				CA5004B02A8B3F1600ED6943 /* UICollor+Extension.swift in Sources */,
				CA50048F2A8A88EE00ED6943 /* SceneDelegate.swift in Sources */,
				CADC3A032A8DF890008B7E76 /* Observable.swift in Sources */,
				CA5004C42A8B4C3E00ED6943 /* NewTrackerViewController.swift in Sources */,
				CA5004CC2A8B4D8600ED6943 /* SupplementaryView.swift in Sources */,
				CA90BA8F2A96505200EB8027 /* StatisticCell.swift in Sources */,
				CA90BA802A963F1800EB8027 /* CoreDataManager.swift in Sources */,
				CA5004B62A8B417600ED6943 /* TrackerCategory.swift in Sources */,
			);
			runOnlyForDeploymentPostprocessing = 0;
		};
		CA90BA6F2A9639B500EB8027 /* Sources */ = {
			isa = PBXSourcesBuildPhase;
			buildActionMask = 2147483647;
			files = (
				CA90BA762A9639B500EB8027 /* TrackersTests.swift in Sources */,
			);
			runOnlyForDeploymentPostprocessing = 0;
		};
/* End PBXSourcesBuildPhase section */

/* Begin PBXTargetDependency section */
		CA90BA782A9639B500EB8027 /* PBXTargetDependency */ = {
			isa = PBXTargetDependency;
			target = CA5004882A8A88EE00ED6943 /* Trackers */;
			targetProxy = CA90BA772A9639B500EB8027 /* PBXContainerItemProxy */;
		};
/* End PBXTargetDependency section */

/* Begin PBXVariantGroup section */
		CA50049A2A8A88EE00ED6943 /* LaunchScreen.storyboard */ = {
			isa = PBXVariantGroup;
			children = (
				CA50049B2A8A88EE00ED6943 /* Base */,
				CA90BA972A9654F000EB8027 /* ru */,
			);
			name = LaunchScreen.storyboard;
			sourceTree = "<group>";
		};
		CA90BA962A9654B600EB8027 /* Localizable.stringsdict */ = {
			isa = PBXVariantGroup;
			children = (
				CA90BA952A9654B600EB8027 /* en */,
				CA90BA982A9654F000EB8027 /* ru */,
			);
			name = Localizable.stringsdict;
			sourceTree = "<group>";
		};
		CA90BA9D2A96568700EB8027 /* Localizable.strings */ = {
			isa = PBXVariantGroup;
			children = (
				CA90BA9C2A96568700EB8027 /* en */,
				CA90BA9E2A96568C00EB8027 /* ru */,
			);
			name = Localizable.strings;
			sourceTree = "<group>";
		};
/* End PBXVariantGroup section */

/* Begin XCBuildConfiguration section */
		CA50049E2A8A88EE00ED6943 /* Debug */ = {
			isa = XCBuildConfiguration;
			buildSettings = {
				ALWAYS_SEARCH_USER_PATHS = NO;
				CLANG_ANALYZER_LOCALIZABILITY_NONLOCALIZED = YES;
				CLANG_ANALYZER_NONNULL = YES;
				CLANG_ANALYZER_NUMBER_OBJECT_CONVERSION = YES_AGGRESSIVE;
				CLANG_CXX_LANGUAGE_STANDARD = "gnu++20";
				CLANG_ENABLE_MODULES = YES;
				CLANG_ENABLE_OBJC_ARC = YES;
				CLANG_ENABLE_OBJC_WEAK = YES;
				CLANG_WARN_BLOCK_CAPTURE_AUTORELEASING = YES;
				CLANG_WARN_BOOL_CONVERSION = YES;
				CLANG_WARN_COMMA = YES;
				CLANG_WARN_CONSTANT_CONVERSION = YES;
				CLANG_WARN_DEPRECATED_OBJC_IMPLEMENTATIONS = YES;
				CLANG_WARN_DIRECT_OBJC_ISA_USAGE = YES_ERROR;
				CLANG_WARN_DOCUMENTATION_COMMENTS = YES;
				CLANG_WARN_EMPTY_BODY = YES;
				CLANG_WARN_ENUM_CONVERSION = YES;
				CLANG_WARN_INFINITE_RECURSION = YES;
				CLANG_WARN_INT_CONVERSION = YES;
				CLANG_WARN_NON_LITERAL_NULL_CONVERSION = YES;
				CLANG_WARN_OBJC_IMPLICIT_RETAIN_SELF = YES;
				CLANG_WARN_OBJC_LITERAL_CONVERSION = YES;
				CLANG_WARN_OBJC_ROOT_CLASS = YES_ERROR;
				CLANG_WARN_QUOTED_INCLUDE_IN_FRAMEWORK_HEADER = YES;
				CLANG_WARN_RANGE_LOOP_ANALYSIS = YES;
				CLANG_WARN_STRICT_PROTOTYPES = YES;
				CLANG_WARN_SUSPICIOUS_MOVE = YES;
				CLANG_WARN_UNGUARDED_AVAILABILITY = YES_AGGRESSIVE;
				CLANG_WARN_UNREACHABLE_CODE = YES;
				CLANG_WARN__DUPLICATE_METHOD_MATCH = YES;
				COPY_PHASE_STRIP = NO;
				DEBUG_INFORMATION_FORMAT = dwarf;
				ENABLE_STRICT_OBJC_MSGSEND = YES;
				ENABLE_TESTABILITY = YES;
				GCC_C_LANGUAGE_STANDARD = gnu11;
				GCC_DYNAMIC_NO_PIC = NO;
				GCC_NO_COMMON_BLOCKS = YES;
				GCC_OPTIMIZATION_LEVEL = 0;
				GCC_PREPROCESSOR_DEFINITIONS = (
					"DEBUG=1",
					"$(inherited)",
				);
				GCC_WARN_64_TO_32_BIT_CONVERSION = YES;
				GCC_WARN_ABOUT_RETURN_TYPE = YES_ERROR;
				GCC_WARN_UNDECLARED_SELECTOR = YES;
				GCC_WARN_UNINITIALIZED_AUTOS = YES_AGGRESSIVE;
				GCC_WARN_UNUSED_FUNCTION = YES;
				GCC_WARN_UNUSED_VARIABLE = YES;
				IPHONEOS_DEPLOYMENT_TARGET = 16.0;
				MTL_ENABLE_DEBUG_INFO = INCLUDE_SOURCE;
				MTL_FAST_MATH = YES;
				ONLY_ACTIVE_ARCH = YES;
				SDKROOT = iphoneos;
				SWIFT_ACTIVE_COMPILATION_CONDITIONS = DEBUG;
				SWIFT_OPTIMIZATION_LEVEL = "-Onone";
			};
			name = Debug;
		};
		CA50049F2A8A88EE00ED6943 /* Release */ = {
			isa = XCBuildConfiguration;
			buildSettings = {
				ALWAYS_SEARCH_USER_PATHS = NO;
				CLANG_ANALYZER_LOCALIZABILITY_NONLOCALIZED = YES;
				CLANG_ANALYZER_NONNULL = YES;
				CLANG_ANALYZER_NUMBER_OBJECT_CONVERSION = YES_AGGRESSIVE;
				CLANG_CXX_LANGUAGE_STANDARD = "gnu++20";
				CLANG_ENABLE_MODULES = YES;
				CLANG_ENABLE_OBJC_ARC = YES;
				CLANG_ENABLE_OBJC_WEAK = YES;
				CLANG_WARN_BLOCK_CAPTURE_AUTORELEASING = YES;
				CLANG_WARN_BOOL_CONVERSION = YES;
				CLANG_WARN_COMMA = YES;
				CLANG_WARN_CONSTANT_CONVERSION = YES;
				CLANG_WARN_DEPRECATED_OBJC_IMPLEMENTATIONS = YES;
				CLANG_WARN_DIRECT_OBJC_ISA_USAGE = YES_ERROR;
				CLANG_WARN_DOCUMENTATION_COMMENTS = YES;
				CLANG_WARN_EMPTY_BODY = YES;
				CLANG_WARN_ENUM_CONVERSION = YES;
				CLANG_WARN_INFINITE_RECURSION = YES;
				CLANG_WARN_INT_CONVERSION = YES;
				CLANG_WARN_NON_LITERAL_NULL_CONVERSION = YES;
				CLANG_WARN_OBJC_IMPLICIT_RETAIN_SELF = YES;
				CLANG_WARN_OBJC_LITERAL_CONVERSION = YES;
				CLANG_WARN_OBJC_ROOT_CLASS = YES_ERROR;
				CLANG_WARN_QUOTED_INCLUDE_IN_FRAMEWORK_HEADER = YES;
				CLANG_WARN_RANGE_LOOP_ANALYSIS = YES;
				CLANG_WARN_STRICT_PROTOTYPES = YES;
				CLANG_WARN_SUSPICIOUS_MOVE = YES;
				CLANG_WARN_UNGUARDED_AVAILABILITY = YES_AGGRESSIVE;
				CLANG_WARN_UNREACHABLE_CODE = YES;
				CLANG_WARN__DUPLICATE_METHOD_MATCH = YES;
				COPY_PHASE_STRIP = NO;
				DEBUG_INFORMATION_FORMAT = "dwarf-with-dsym";
				ENABLE_NS_ASSERTIONS = NO;
				ENABLE_STRICT_OBJC_MSGSEND = YES;
				GCC_C_LANGUAGE_STANDARD = gnu11;
				GCC_NO_COMMON_BLOCKS = YES;
				GCC_WARN_64_TO_32_BIT_CONVERSION = YES;
				GCC_WARN_ABOUT_RETURN_TYPE = YES_ERROR;
				GCC_WARN_UNDECLARED_SELECTOR = YES;
				GCC_WARN_UNINITIALIZED_AUTOS = YES_AGGRESSIVE;
				GCC_WARN_UNUSED_FUNCTION = YES;
				GCC_WARN_UNUSED_VARIABLE = YES;
				IPHONEOS_DEPLOYMENT_TARGET = 16.0;
				MTL_ENABLE_DEBUG_INFO = NO;
				MTL_FAST_MATH = YES;
				SDKROOT = iphoneos;
				SWIFT_COMPILATION_MODE = wholemodule;
				SWIFT_OPTIMIZATION_LEVEL = "-O";
				VALIDATE_PRODUCT = YES;
			};
			name = Release;
		};
		CA5004A12A8A88EE00ED6943 /* Debug */ = {
			isa = XCBuildConfiguration;
			baseConfigurationReference = FB6323BB661EF2FA59386B14 /* Pods-Trackers.debug.xcconfig */;
			buildSettings = {
				ASSETCATALOG_COMPILER_APPICON_NAME = AppIcon;
				ASSETCATALOG_COMPILER_GLOBAL_ACCENT_COLOR_NAME = AccentColor;
				CODE_SIGN_STYLE = Automatic;
				CURRENT_PROJECT_VERSION = 1;
				DEVELOPMENT_TEAM = G84RW6GCS5;
				GENERATE_INFOPLIST_FILE = YES;
				INFOPLIST_FILE = Trackers/Info.plist;
				INFOPLIST_KEY_UIApplicationSupportsIndirectInputEvents = YES;
				INFOPLIST_KEY_UILaunchStoryboardName = LaunchScreen;
				INFOPLIST_KEY_UISupportedInterfaceOrientations_iPad = "UIInterfaceOrientationPortrait UIInterfaceOrientationPortraitUpsideDown UIInterfaceOrientationLandscapeLeft UIInterfaceOrientationLandscapeRight";
				INFOPLIST_KEY_UISupportedInterfaceOrientations_iPhone = "UIInterfaceOrientationPortrait UIInterfaceOrientationLandscapeLeft UIInterfaceOrientationLandscapeRight";
				LD_RUNPATH_SEARCH_PATHS = (
					"$(inherited)",
					"@executable_path/Frameworks",
				);
				MARKETING_VERSION = 1.0;
				PRODUCT_BUNDLE_IDENTIFIER = com.ArtHack.Trackers;
				PRODUCT_NAME = "$(TARGET_NAME)";
				SWIFT_EMIT_LOC_STRINGS = YES;
				SWIFT_VERSION = 5.0;
				TARGETED_DEVICE_FAMILY = "1,2";
			};
			name = Debug;
		};
		CA5004A22A8A88EE00ED6943 /* Release */ = {
			isa = XCBuildConfiguration;
			baseConfigurationReference = 3368CF98E8E895E6D34ADA1E /* Pods-Trackers.release.xcconfig */;
			buildSettings = {
				ASSETCATALOG_COMPILER_APPICON_NAME = AppIcon;
				ASSETCATALOG_COMPILER_GLOBAL_ACCENT_COLOR_NAME = AccentColor;
				CODE_SIGN_STYLE = Automatic;
				CURRENT_PROJECT_VERSION = 1;
				DEVELOPMENT_TEAM = G84RW6GCS5;
				GENERATE_INFOPLIST_FILE = YES;
				INFOPLIST_FILE = Trackers/Info.plist;
				INFOPLIST_KEY_UIApplicationSupportsIndirectInputEvents = YES;
				INFOPLIST_KEY_UILaunchStoryboardName = LaunchScreen;
				INFOPLIST_KEY_UISupportedInterfaceOrientations_iPad = "UIInterfaceOrientationPortrait UIInterfaceOrientationPortraitUpsideDown UIInterfaceOrientationLandscapeLeft UIInterfaceOrientationLandscapeRight";
				INFOPLIST_KEY_UISupportedInterfaceOrientations_iPhone = "UIInterfaceOrientationPortrait UIInterfaceOrientationLandscapeLeft UIInterfaceOrientationLandscapeRight";
				LD_RUNPATH_SEARCH_PATHS = (
					"$(inherited)",
					"@executable_path/Frameworks",
				);
				MARKETING_VERSION = 1.0;
				PRODUCT_BUNDLE_IDENTIFIER = com.ArtHack.Trackers;
				PRODUCT_NAME = "$(TARGET_NAME)";
				SWIFT_EMIT_LOC_STRINGS = YES;
				SWIFT_VERSION = 5.0;
				TARGETED_DEVICE_FAMILY = "1,2";
			};
			name = Release;
		};
		CA90BA7A2A9639B500EB8027 /* Debug */ = {
			isa = XCBuildConfiguration;
			baseConfigurationReference = E7ACD78AA0FD73043D75B6EB /* Pods-TrackersTests.debug.xcconfig */;
			buildSettings = {
				BUNDLE_LOADER = "$(TEST_HOST)";
				CODE_SIGN_STYLE = Automatic;
				CURRENT_PROJECT_VERSION = 1;
				DEVELOPMENT_TEAM = G84RW6GCS5;
				GENERATE_INFOPLIST_FILE = YES;
				MARKETING_VERSION = 1.0;
				PRODUCT_BUNDLE_IDENTIFIER = com.ArtHack.TrackersTests;
				PRODUCT_NAME = "$(TARGET_NAME)";
				SWIFT_EMIT_LOC_STRINGS = NO;
				SWIFT_VERSION = 5.0;
				TARGETED_DEVICE_FAMILY = "1,2";
				TEST_HOST = "$(BUILT_PRODUCTS_DIR)/Trackers.app/$(BUNDLE_EXECUTABLE_FOLDER_PATH)/Trackers";
			};
			name = Debug;
		};
		CA90BA7B2A9639B500EB8027 /* Release */ = {
			isa = XCBuildConfiguration;
			baseConfigurationReference = 26F9CCC247C1DEE139045B5D /* Pods-TrackersTests.release.xcconfig */;
			buildSettings = {
				BUNDLE_LOADER = "$(TEST_HOST)";
				CODE_SIGN_STYLE = Automatic;
				CURRENT_PROJECT_VERSION = 1;
				DEVELOPMENT_TEAM = G84RW6GCS5;
				GENERATE_INFOPLIST_FILE = YES;
				MARKETING_VERSION = 1.0;
				PRODUCT_BUNDLE_IDENTIFIER = com.ArtHack.TrackersTests;
				PRODUCT_NAME = "$(TARGET_NAME)";
				SWIFT_EMIT_LOC_STRINGS = NO;
				SWIFT_VERSION = 5.0;
				TARGETED_DEVICE_FAMILY = "1,2";
				TEST_HOST = "$(BUILT_PRODUCTS_DIR)/Trackers.app/$(BUNDLE_EXECUTABLE_FOLDER_PATH)/Trackers";
			};
			name = Release;
		};
/* End XCBuildConfiguration section */

/* Begin XCConfigurationList section */
		CA5004842A8A88EE00ED6943 /* Build configuration list for PBXProject "Trackers" */ = {
			isa = XCConfigurationList;
			buildConfigurations = (
				CA50049E2A8A88EE00ED6943 /* Debug */,
				CA50049F2A8A88EE00ED6943 /* Release */,
			);
			defaultConfigurationIsVisible = 0;
			defaultConfigurationName = Release;
		};
		CA5004A02A8A88EE00ED6943 /* Build configuration list for PBXNativeTarget "Trackers" */ = {
			isa = XCConfigurationList;
			buildConfigurations = (
				CA5004A12A8A88EE00ED6943 /* Debug */,
				CA5004A22A8A88EE00ED6943 /* Release */,
			);
			defaultConfigurationIsVisible = 0;
			defaultConfigurationName = Release;
		};
		CA90BA792A9639B500EB8027 /* Build configuration list for PBXNativeTarget "TrackersTests" */ = {
			isa = XCConfigurationList;
			buildConfigurations = (
				CA90BA7A2A9639B500EB8027 /* Debug */,
				CA90BA7B2A9639B500EB8027 /* Release */,
			);
			defaultConfigurationIsVisible = 0;
			defaultConfigurationName = Release;
		};
/* End XCConfigurationList section */

/* Begin XCRemoteSwiftPackageReference section */
		CA5004A32A8A9F2D00ED6943 /* XCRemoteSwiftPackageReference "SnapKit" */ = {
			isa = XCRemoteSwiftPackageReference;
			repositoryURL = "https://github.com/SnapKit/SnapKit";
			requirement = {
				branch = develop;
				kind = branch;
			};
		};
		CA90BA7C2A963A0500EB8027 /* XCRemoteSwiftPackageReference "swift-snapshot-testing" */ = {
			isa = XCRemoteSwiftPackageReference;
			repositoryURL = "https://github.com/pointfreeco/swift-snapshot-testing";
			requirement = {
				branch = main;
				kind = branch;
			};
		};
/* End XCRemoteSwiftPackageReference section */

/* Begin XCSwiftPackageProductDependency section */
		CA5004A42A8A9F2D00ED6943 /* SnapKit */ = {
			isa = XCSwiftPackageProductDependency;
			package = CA5004A32A8A9F2D00ED6943 /* XCRemoteSwiftPackageReference "SnapKit" */;
			productName = SnapKit;
		};
		CA90BA7D2A963A0500EB8027 /* SnapshotTesting */ = {
			isa = XCSwiftPackageProductDependency;
			package = CA90BA7C2A963A0500EB8027 /* XCRemoteSwiftPackageReference "swift-snapshot-testing" */;
			productName = SnapshotTesting;
		};
/* End XCSwiftPackageProductDependency section */

/* Begin XCVersionGroup section */
		CA5004952A8A88EE00ED6943 /* Model.xcdatamodeld */ = {
			isa = XCVersionGroup;
			children = (
				CA5004962A8A88EE00ED6943 /* Trackers.xcdatamodel */,
			);
			currentVersion = CA5004962A8A88EE00ED6943 /* Trackers.xcdatamodel */;
			path = Model.xcdatamodeld;
			sourceTree = "<group>";
			versionGroupType = wrapper.xcdatamodel;
		};
/* End XCVersionGroup section */
	};
	rootObject = CA5004812A8A88EE00ED6943 /* Project object */;
}
