// !$*UTF8*$!
{
	archiveVersion = 1;
	classes = {
	};
	objectVersion = 56;
	objects = {

/* Begin PBXBuildFile section */
		CA50048D2A8A88EE00ED6943 /* AppDelegate.swift in Sources */ = {isa = PBXBuildFile; fileRef = CA50048C2A8A88EE00ED6943 /* AppDelegate.swift */; };
		CA50048F2A8A88EE00ED6943 /* SceneDelegate.swift in Sources */ = {isa = PBXBuildFile; fileRef = CA50048E2A8A88EE00ED6943 /* SceneDelegate.swift */; };
		CA5004912A8A88EE00ED6943 /* ViewController.swift in Sources */ = {isa = PBXBuildFile; fileRef = CA5004902A8A88EE00ED6943 /* ViewController.swift */; };
		CA5004972A8A88EE00ED6943 /* Trackers.xcdatamodeld in Sources */ = {isa = PBXBuildFile; fileRef = CA5004952A8A88EE00ED6943 /* Trackers.xcdatamodeld */; };
		CA5004992A8A88EE00ED6943 /* Assets.xcassets in Resources */ = {isa = PBXBuildFile; fileRef = CA5004982A8A88EE00ED6943 /* Assets.xcassets */; };
		CA50049C2A8A88EE00ED6943 /* LaunchScreen.storyboard in Resources */ = {isa = PBXBuildFile; fileRef = CA50049A2A8A88EE00ED6943 /* LaunchScreen.storyboard */; };
		CA5004A52A8A9F2D00ED6943 /* SnapKit in Frameworks */ = {isa = PBXBuildFile; productRef = CA5004A42A8A9F2D00ED6943 /* SnapKit */; };
		CA5004A72A8B3C4A00ED6943 /* TabBarController.swift in Sources */ = {isa = PBXBuildFile; fileRef = CA5004A62A8B3C4A00ED6943 /* TabBarController.swift */; };
		CA5004A92A8B3CA100ED6943 /* StatisticViewController.swift in Sources */ = {isa = PBXBuildFile; fileRef = CA5004A82A8B3CA100ED6943 /* StatisticViewController.swift */; };
/* End PBXBuildFile section */

/* Begin PBXFileReference section */
		CA5004892A8A88EE00ED6943 /* Trackers.app */ = {isa = PBXFileReference; explicitFileType = wrapper.application; includeInIndex = 0; path = Trackers.app; sourceTree = BUILT_PRODUCTS_DIR; };
		CA50048C2A8A88EE00ED6943 /* AppDelegate.swift */ = {isa = PBXFileReference; lastKnownFileType = sourcecode.swift; path = AppDelegate.swift; sourceTree = "<group>"; };
		CA50048E2A8A88EE00ED6943 /* SceneDelegate.swift */ = {isa = PBXFileReference; lastKnownFileType = sourcecode.swift; path = SceneDelegate.swift; sourceTree = "<group>"; };
		CA5004902A8A88EE00ED6943 /* ViewController.swift */ = {isa = PBXFileReference; lastKnownFileType = sourcecode.swift; path = ViewController.swift; sourceTree = "<group>"; };
		CA5004962A8A88EE00ED6943 /* Trackers.xcdatamodel */ = {isa = PBXFileReference; lastKnownFileType = wrapper.xcdatamodel; path = Trackers.xcdatamodel; sourceTree = "<group>"; };
		CA5004982A8A88EE00ED6943 /* Assets.xcassets */ = {isa = PBXFileReference; lastKnownFileType = folder.assetcatalog; path = Assets.xcassets; sourceTree = "<group>"; };
		CA50049B2A8A88EE00ED6943 /* Base */ = {isa = PBXFileReference; lastKnownFileType = file.storyboard; name = Base; path = Base.lproj/LaunchScreen.storyboard; sourceTree = "<group>"; };
		CA50049D2A8A88EE00ED6943 /* Info.plist */ = {isa = PBXFileReference; lastKnownFileType = text.plist.xml; path = Info.plist; sourceTree = "<group>"; };
		CA5004A62A8B3C4A00ED6943 /* TabBarController.swift */ = {isa = PBXFileReference; lastKnownFileType = sourcecode.swift; path = TabBarController.swift; sourceTree = "<group>"; };
		CA5004A82A8B3CA100ED6943 /* StatisticViewController.swift */ = {isa = PBXFileReference; lastKnownFileType = sourcecode.swift; path = StatisticViewController.swift; sourceTree = "<group>"; };
/* End PBXFileReference section */

/* Begin PBXFrameworksBuildPhase section */
		CA5004862A8A88EE00ED6943 /* Frameworks */ = {
			isa = PBXFrameworksBuildPhase;
			buildActionMask = 2147483647;
			files = (
				CA5004A52A8A9F2D00ED6943 /* SnapKit in Frameworks */,
			);
			runOnlyForDeploymentPostprocessing = 0;
		};
/* End PBXFrameworksBuildPhase section */

/* Begin PBXGroup section */
		CA5004802A8A88EE00ED6943 = {
			isa = PBXGroup;
			children = (
				CA50048B2A8A88EE00ED6943 /* Trackers */,
				CA50048A2A8A88EE00ED6943 /* Products */,
			);
			sourceTree = "<group>";
		};
		CA50048A2A8A88EE00ED6943 /* Products */ = {
			isa = PBXGroup;
			children = (
				CA5004892A8A88EE00ED6943 /* Trackers.app */,
			);
			name = Products;
			sourceTree = "<group>";
		};
		CA50048B2A8A88EE00ED6943 /* Trackers */ = {
			isa = PBXGroup;
			children = (
				CA50048C2A8A88EE00ED6943 /* AppDelegate.swift */,
				CA50048E2A8A88EE00ED6943 /* SceneDelegate.swift */,
				CA5004902A8A88EE00ED6943 /* ViewController.swift */,
				CA5004982A8A88EE00ED6943 /* Assets.xcassets */,
				CA50049A2A8A88EE00ED6943 /* LaunchScreen.storyboard */,
				CA50049D2A8A88EE00ED6943 /* Info.plist */,
				CA5004952A8A88EE00ED6943 /* Trackers.xcdatamodeld */,
				CA5004A62A8B3C4A00ED6943 /* TabBarController.swift */,
				CA5004A82A8B3CA100ED6943 /* StatisticViewController.swift */,
			);
			path = Trackers;
			sourceTree = "<group>";
		};
/* End PBXGroup section */

/* Begin PBXNativeTarget section */
		CA5004882A8A88EE00ED6943 /* Trackers */ = {
			isa = PBXNativeTarget;
			buildConfigurationList = CA5004A02A8A88EE00ED6943 /* Build configuration list for PBXNativeTarget "Trackers" */;
			buildPhases = (
				CA5004852A8A88EE00ED6943 /* Sources */,
				CA5004862A8A88EE00ED6943 /* Frameworks */,
				CA5004872A8A88EE00ED6943 /* Resources */,
			);
			buildRules = (
			);
			dependencies = (
			);
			name = Trackers;
			packageProductDependencies = (
				CA5004A42A8A9F2D00ED6943 /* SnapKit */,
			);
			productName = Trackers;
			productReference = CA5004892A8A88EE00ED6943 /* Trackers.app */;
			productType = "com.apple.product-type.application";
		};
/* End PBXNativeTarget section */

/* Begin PBXProject section */
		CA5004812A8A88EE00ED6943 /* Project object */ = {
			isa = PBXProject;
			attributes = {
				BuildIndependentTargetsInParallel = 1;
				LastSwiftUpdateCheck = 1400;
				LastUpgradeCheck = 1400;
				TargetAttributes = {
					CA5004882A8A88EE00ED6943 = {
						CreatedOnToolsVersion = 14.0.1;
					};
				};
			};
			buildConfigurationList = CA5004842A8A88EE00ED6943 /* Build configuration list for PBXProject "Trackers" */;
			compatibilityVersion = "Xcode 14.0";
			developmentRegion = en;
			hasScannedForEncodings = 0;
			knownRegions = (
				en,
				Base,
			);
			mainGroup = CA5004802A8A88EE00ED6943;
			packageReferences = (
				CA5004A32A8A9F2D00ED6943 /* XCRemoteSwiftPackageReference "SnapKit" */,
			);
			productRefGroup = CA50048A2A8A88EE00ED6943 /* Products */;
			projectDirPath = "";
			projectRoot = "";
			targets = (
				CA5004882A8A88EE00ED6943 /* Trackers */,
			);
		};
/* End PBXProject section */

/* Begin PBXResourcesBuildPhase section */
		CA5004872A8A88EE00ED6943 /* Resources */ = {
			isa = PBXResourcesBuildPhase;
			buildActionMask = 2147483647;
			files = (
				CA50049C2A8A88EE00ED6943 /* LaunchScreen.storyboard in Resources */,
				CA5004992A8A88EE00ED6943 /* Assets.xcassets in Resources */,
			);
			runOnlyForDeploymentPostprocessing = 0;
		};
/* End PBXResourcesBuildPhase section */

/* Begin PBXSourcesBuildPhase section */
		CA5004852A8A88EE00ED6943 /* Sources */ = {
			isa = PBXSourcesBuildPhase;
			buildActionMask = 2147483647;
			files = (
				CA5004972A8A88EE00ED6943 /* Trackers.xcdatamodeld in Sources */,
				CA5004912A8A88EE00ED6943 /* ViewController.swift in Sources */,
				CA50048D2A8A88EE00ED6943 /* AppDelegate.swift in Sources */,
				CA5004A92A8B3CA100ED6943 /* StatisticViewController.swift in Sources */,
				CA5004A72A8B3C4A00ED6943 /* TabBarController.swift in Sources */,
				CA50048F2A8A88EE00ED6943 /* SceneDelegate.swift in Sources */,
			);
			runOnlyForDeploymentPostprocessing = 0;
		};
/* End PBXSourcesBuildPhase section */

/* Begin PBXVariantGroup section */
		CA50049A2A8A88EE00ED6943 /* LaunchScreen.storyboard */ = {
			isa = PBXVariantGroup;
			children = (
				CA50049B2A8A88EE00ED6943 /* Base */,
			);
			name = LaunchScreen.storyboard;
			sourceTree = "<group>";
		};
/* End PBXVariantGroup section */

/* Begin XCBuildConfiguration section */
		CA50049E2A8A88EE00ED6943 /* Debug */ = {
			isa = XCBuildConfiguration;
			buildSettings = {
				ALWAYS_SEARCH_USER_PATHS = NO;
				CLANG_ANALYZER_NONNULL = YES;
				CLANG_ANALYZER_NUMBER_OBJECT_CONVERSION = YES_AGGRESSIVE;
				CLANG_CXX_LANGUAGE_STANDARD = "gnu++20";
				CLANG_ENABLE_MODULES = YES;
				CLANG_ENABLE_OBJC_ARC = YES;
				CLANG_ENABLE_OBJC_WEAK = YES;
				CLANG_WARN_BLOCK_CAPTURE_AUTORELEASING = YES;
				CLANG_WARN_BOOL_CONVERSION = YES;
				CLANG_WARN_COMMA = YES;
				CLANG_WARN_CONSTANT_CONVERSION = YES;
				CLANG_WARN_DEPRECATED_OBJC_IMPLEMENTATIONS = YES;
				CLANG_WARN_DIRECT_OBJC_ISA_USAGE = YES_ERROR;
				CLANG_WARN_DOCUMENTATION_COMMENTS = YES;
				CLANG_WARN_EMPTY_BODY = YES;
				CLANG_WARN_ENUM_CONVERSION = YES;
				CLANG_WARN_INFINITE_RECURSION = YES;
				CLANG_WARN_INT_CONVERSION = YES;
				CLANG_WARN_NON_LITERAL_NULL_CONVERSION = YES;
				CLANG_WARN_OBJC_IMPLICIT_RETAIN_SELF = YES;
				CLANG_WARN_OBJC_LITERAL_CONVERSION = YES;
				CLANG_WARN_OBJC_ROOT_CLASS = YES_ERROR;
				CLANG_WARN_QUOTED_INCLUDE_IN_FRAMEWORK_HEADER = YES;
				CLANG_WARN_RANGE_LOOP_ANALYSIS = YES;
				CLANG_WARN_STRICT_PROTOTYPES = YES;
				CLANG_WARN_SUSPICIOUS_MOVE = YES;
				CLANG_WARN_UNGUARDED_AVAILABILITY = YES_AGGRESSIVE;
				CLANG_WARN_UNREACHABLE_CODE = YES;
				CLANG_WARN__DUPLICATE_METHOD_MATCH = YES;
				COPY_PHASE_STRIP = NO;
				DEBUG_INFORMATION_FORMAT = dwarf;
				ENABLE_STRICT_OBJC_MSGSEND = YES;
				ENABLE_TESTABILITY = YES;
				GCC_C_LANGUAGE_STANDARD = gnu11;
				GCC_DYNAMIC_NO_PIC = NO;
				GCC_NO_COMMON_BLOCKS = YES;
				GCC_OPTIMIZATION_LEVEL = 0;
				GCC_PREPROCESSOR_DEFINITIONS = (
					"DEBUG=1",
					"$(inherited)",
				);
				GCC_WARN_64_TO_32_BIT_CONVERSION = YES;
				GCC_WARN_ABOUT_RETURN_TYPE = YES_ERROR;
				GCC_WARN_UNDECLARED_SELECTOR = YES;
				GCC_WARN_UNINITIALIZED_AUTOS = YES_AGGRESSIVE;
				GCC_WARN_UNUSED_FUNCTION = YES;
				GCC_WARN_UNUSED_VARIABLE = YES;
				IPHONEOS_DEPLOYMENT_TARGET = 16.0;
				MTL_ENABLE_DEBUG_INFO = INCLUDE_SOURCE;
				MTL_FAST_MATH = YES;
				ONLY_ACTIVE_ARCH = YES;
				SDKROOT = iphoneos;
				SWIFT_ACTIVE_COMPILATION_CONDITIONS = DEBUG;
				SWIFT_OPTIMIZATION_LEVEL = "-Onone";
			};
			name = Debug;
		};
		CA50049F2A8A88EE00ED6943 /* Release */ = {
			isa = XCBuildConfiguration;
			buildSettings = {
				ALWAYS_SEARCH_USER_PATHS = NO;
				CLANG_ANALYZER_NONNULL = YES;
				CLANG_ANALYZER_NUMBER_OBJECT_CONVERSION = YES_AGGRESSIVE;
				CLANG_CXX_LANGUAGE_STANDARD = "gnu++20";
				CLANG_ENABLE_MODULES = YES;
				CLANG_ENABLE_OBJC_ARC = YES;
				CLANG_ENABLE_OBJC_WEAK = YES;
				CLANG_WARN_BLOCK_CAPTURE_AUTORELEASING = YES;
				CLANG_WARN_BOOL_CONVERSION = YES;
				CLANG_WARN_COMMA = YES;
				CLANG_WARN_CONSTANT_CONVERSION = YES;
				CLANG_WARN_DEPRECATED_OBJC_IMPLEMENTATIONS = YES;
				CLANG_WARN_DIRECT_OBJC_ISA_USAGE = YES_ERROR;
				CLANG_WARN_DOCUMENTATION_COMMENTS = YES;
				CLANG_WARN_EMPTY_BODY = YES;
				CLANG_WARN_ENUM_CONVERSION = YES;
				CLANG_WARN_INFINITE_RECURSION = YES;
				CLANG_WARN_INT_CONVERSION = YES;
				CLANG_WARN_NON_LITERAL_NULL_CONVERSION = YES;
				CLANG_WARN_OBJC_IMPLICIT_RETAIN_SELF = YES;
				CLANG_WARN_OBJC_LITERAL_CONVERSION = YES;
				CLANG_WARN_OBJC_ROOT_CLASS = YES_ERROR;
				CLANG_WARN_QUOTED_INCLUDE_IN_FRAMEWORK_HEADER = YES;
				CLANG_WARN_RANGE_LOOP_ANALYSIS = YES;
				CLANG_WARN_STRICT_PROTOTYPES = YES;
				CLANG_WARN_SUSPICIOUS_MOVE = YES;
				CLANG_WARN_UNGUARDED_AVAILABILITY = YES_AGGRESSIVE;
				CLANG_WARN_UNREACHABLE_CODE = YES;
				CLANG_WARN__DUPLICATE_METHOD_MATCH = YES;
				COPY_PHASE_STRIP = NO;
				DEBUG_INFORMATION_FORMAT = "dwarf-with-dsym";
				ENABLE_NS_ASSERTIONS = NO;
				ENABLE_STRICT_OBJC_MSGSEND = YES;
				GCC_C_LANGUAGE_STANDARD = gnu11;
				GCC_NO_COMMON_BLOCKS = YES;
				GCC_WARN_64_TO_32_BIT_CONVERSION = YES;
				GCC_WARN_ABOUT_RETURN_TYPE = YES_ERROR;
				GCC_WARN_UNDECLARED_SELECTOR = YES;
				GCC_WARN_UNINITIALIZED_AUTOS = YES_AGGRESSIVE;
				GCC_WARN_UNUSED_FUNCTION = YES;
				GCC_WARN_UNUSED_VARIABLE = YES;
				IPHONEOS_DEPLOYMENT_TARGET = 16.0;
				MTL_ENABLE_DEBUG_INFO = NO;
				MTL_FAST_MATH = YES;
				SDKROOT = iphoneos;
				SWIFT_COMPILATION_MODE = wholemodule;
				SWIFT_OPTIMIZATION_LEVEL = "-O";
				VALIDATE_PRODUCT = YES;
			};
			name = Release;
		};
		CA5004A12A8A88EE00ED6943 /* Debug */ = {
			isa = XCBuildConfiguration;
			buildSettings = {
				ASSETCATALOG_COMPILER_APPICON_NAME = AppIcon;
				ASSETCATALOG_COMPILER_GLOBAL_ACCENT_COLOR_NAME = AccentColor;
				CODE_SIGN_STYLE = Automatic;
				CURRENT_PROJECT_VERSION = 1;
				DEVELOPMENT_TEAM = G84RW6GCS5;
				GENERATE_INFOPLIST_FILE = YES;
				INFOPLIST_FILE = Trackers/Info.plist;
				INFOPLIST_KEY_UIApplicationSupportsIndirectInputEvents = YES;
				INFOPLIST_KEY_UILaunchStoryboardName = LaunchScreen;
				INFOPLIST_KEY_UISupportedInterfaceOrientations_iPad = "UIInterfaceOrientationPortrait UIInterfaceOrientationPortraitUpsideDown UIInterfaceOrientationLandscapeLeft UIInterfaceOrientationLandscapeRight";
				INFOPLIST_KEY_UISupportedInterfaceOrientations_iPhone = "UIInterfaceOrientationPortrait UIInterfaceOrientationLandscapeLeft UIInterfaceOrientationLandscapeRight";
				LD_RUNPATH_SEARCH_PATHS = (
					"$(inherited)",
					"@executable_path/Frameworks",
				);
				MARKETING_VERSION = 1.0;
				PRODUCT_BUNDLE_IDENTIFIER = com.ArtHack.Trackers;
				PRODUCT_NAME = "$(TARGET_NAME)";
				SWIFT_EMIT_LOC_STRINGS = YES;
				SWIFT_VERSION = 5.0;
				TARGETED_DEVICE_FAMILY = "1,2";
			};
			name = Debug;
		};
		CA5004A22A8A88EE00ED6943 /* Release */ = {
			isa = XCBuildConfiguration;
			buildSettings = {
				ASSETCATALOG_COMPILER_APPICON_NAME = AppIcon;
				ASSETCATALOG_COMPILER_GLOBAL_ACCENT_COLOR_NAME = AccentColor;
				CODE_SIGN_STYLE = Automatic;
				CURRENT_PROJECT_VERSION = 1;
				DEVELOPMENT_TEAM = G84RW6GCS5;
				GENERATE_INFOPLIST_FILE = YES;
				INFOPLIST_FILE = Trackers/Info.plist;
				INFOPLIST_KEY_UIApplicationSupportsIndirectInputEvents = YES;
				INFOPLIST_KEY_UILaunchStoryboardName = LaunchScreen;
				INFOPLIST_KEY_UISupportedInterfaceOrientations_iPad = "UIInterfaceOrientationPortrait UIInterfaceOrientationPortraitUpsideDown UIInterfaceOrientationLandscapeLeft UIInterfaceOrientationLandscapeRight";
				INFOPLIST_KEY_UISupportedInterfaceOrientations_iPhone = "UIInterfaceOrientationPortrait UIInterfaceOrientationLandscapeLeft UIInterfaceOrientationLandscapeRight";
				LD_RUNPATH_SEARCH_PATHS = (
					"$(inherited)",
					"@executable_path/Frameworks",
				);
				MARKETING_VERSION = 1.0;
				PRODUCT_BUNDLE_IDENTIFIER = com.ArtHack.Trackers;
				PRODUCT_NAME = "$(TARGET_NAME)";
				SWIFT_EMIT_LOC_STRINGS = YES;
				SWIFT_VERSION = 5.0;
				TARGETED_DEVICE_FAMILY = "1,2";
			};
			name = Release;
		};
/* End XCBuildConfiguration section */

/* Begin XCConfigurationList section */
		CA5004842A8A88EE00ED6943 /* Build configuration list for PBXProject "Trackers" */ = {
			isa = XCConfigurationList;
			buildConfigurations = (
				CA50049E2A8A88EE00ED6943 /* Debug */,
				CA50049F2A8A88EE00ED6943 /* Release */,
			);
			defaultConfigurationIsVisible = 0;
			defaultConfigurationName = Release;
		};
		CA5004A02A8A88EE00ED6943 /* Build configuration list for PBXNativeTarget "Trackers" */ = {
			isa = XCConfigurationList;
			buildConfigurations = (
				CA5004A12A8A88EE00ED6943 /* Debug */,
				CA5004A22A8A88EE00ED6943 /* Release */,
			);
			defaultConfigurationIsVisible = 0;
			defaultConfigurationName = Release;
		};
/* End XCConfigurationList section */

/* Begin XCRemoteSwiftPackageReference section */
		CA5004A32A8A9F2D00ED6943 /* XCRemoteSwiftPackageReference "SnapKit" */ = {
			isa = XCRemoteSwiftPackageReference;
			repositoryURL = "https://github.com/SnapKit/SnapKit";
			requirement = {
				branch = develop;
				kind = branch;
			};
		};
/* End XCRemoteSwiftPackageReference section */

/* Begin XCSwiftPackageProductDependency section */
		CA5004A42A8A9F2D00ED6943 /* SnapKit */ = {
			isa = XCSwiftPackageProductDependency;
			package = CA5004A32A8A9F2D00ED6943 /* XCRemoteSwiftPackageReference "SnapKit" */;
			productName = SnapKit;
		};
/* End XCSwiftPackageProductDependency section */

/* Begin XCVersionGroup section */
		CA5004952A8A88EE00ED6943 /* Trackers.xcdatamodeld */ = {
			isa = XCVersionGroup;
			children = (
				CA5004962A8A88EE00ED6943 /* Trackers.xcdatamodel */,
			);
			currentVersion = CA5004962A8A88EE00ED6943 /* Trackers.xcdatamodel */;
			path = Trackers.xcdatamodeld;
			sourceTree = "<group>";
			versionGroupType = wrapper.xcdatamodel;
		};
/* End XCVersionGroup section */
	};
	rootObject = CA5004812A8A88EE00ED6943 /* Project object */;
}
